
Microsoft Visual Studio Solution File, Format Version 12.00
# Visual Studio Version 16
VisualStudioVersion = 16.0.33529.622
MinimumVisualStudioVersion = 10.0.40219.1
Project("{FAE04EC0-301F-11D3-BF4B-00C04F79EFBC}") = "LibrarySystem", "LibrarySystem.csproj", "{841868E4-2F98-4865-B47E-2328FA6721AA}"
EndProject
Global
	GlobalSection(SolutionConfigurationPlatforms) = preSolution
		Debug|Any CPU = Debug|Any CPU
		Release|Any CPU = Release|Any CPU
	EndGlobalSection
	GlobalSection(ProjectConfigurationPlatforms) = postSolution
		{841868E4-2F98-4865-B47E-2328FA6721AA}.Debug|Any CPU.ActiveCfg = Debug|Any CPU
		{841868E4-2F98-4865-B47E-2328FA6721AA}.Debug|Any CPU.Build.0 = Debug|Any CPU
		{841868E4-2F98-4865-B47E-2328FA6721AA}.Release|Any CPU.ActiveCfg = Release|Any CPU
		{841868E4-2F98-4865-B47E-2328FA6721AA}.Release|Any CPU.Build.0 = Release|Any CPU
	EndGlobalSection
	GlobalSection(SolutionProperties) = preSolution
		HideSolutionNode = FALSE
	EndGlobalSection
	GlobalSection(ExtensibilityGlobals) = postSolution
		SolutionGuid = {41B30936-29DD-4F67-AA57-AB306988A9BE}
	EndGlobalSection
EndGlobal
